# @generated - this file is auto-generated by `mise lock` https://mise.jdx.dev/dev-tools/mise-lock.html

lockfile_version = 2

[[tools.python]]
version = "3.12.14"
backend = "core:python"
specifiers = ["3.12.14"]

[tools.python."platforms.macos-arm64"]
checksum = "sha256:1bb3e53d231ee2c8881e8daf6426f4dd95bff0dda496af0f3af300357aa998d0"
url = "https://github.com/astral-sh/python-build-standalone/releases/download/20260929/cpython-3.12.14+20260929-aarch64-apple-darwin-install_only_stripped.tar.gz"
provenance = "github-attestations"

[tools.python."platforms.macos-x64"]
checksum = "sha256:62891cf4a32ed18b6b4174def999184b5186371422c52dd92d941401db0f0e41"
url = "https://github.com/astral-sh/python-build-standalone/releases/download/20260929/cpython-3.12.14+20260929-x86_64-apple-darwin-install_only_stripped.tar.gz"
provenance = "github-attestations"
